
Microsoft Visual Studio Solution File, Format Version 12.00
# Visual Studio 15
Project("{FAE04EC0-301F-11D3-BF4B-00C04F79EFBC}") = "Assembly-CSharp", "Assembly-CSharp.csproj", "{8C1491AF-BCFD-4BD2-A98B-3AA12D2139C0}"
EndProject
Project("{FAE04EC0-301F-11D3-BF4B-00C04F79EFBC}") = "Assembly-CSharp-Editor", "Assembly-CSharp-Editor.csproj", "{FE7E1DA4-012A-DFC5-0B0D-CD543CD805EE}"
EndProject
Global
	GlobalSection(SolutionConfigurationPlatforms) = preSolution
		Debug|Any CPU = Debug|Any CPU
		Release|Any CPU = Release|Any CPU
	EndGlobalSection
	GlobalSection(ProjectConfigurationPlatforms) = postSolution
		{8C1491AF-BCFD-4BD2-A98B-3AA12D2139C0}.Debug|Any CPU.ActiveCfg = Debug|Any CPU
		{8C1491AF-BCFD-4BD2-A98B-3AA12D2139C0}.Debug|Any CPU.Build.0 = Debug|Any CPU
		{8C1491AF-BCFD-4BD2-A98B-3AA12D2139C0}.Release|Any CPU.ActiveCfg = Release|Any CPU
		{8C1491AF-BCFD-4BD2-A98B-3AA12D2139C0}.Release|Any CPU.Build.0 = Release|Any CPU
		{FE7E1DA4-012A-DFC5-0B0D-CD543CD805EE}.Debug|Any CPU.ActiveCfg = Debug|Any CPU
		{FE7E1DA4-012A-DFC5-0B0D-CD543CD805EE}.Debug|Any CPU.Build.0 = Debug|Any CPU
		{FE7E1DA4-012A-DFC5-0B0D-CD543CD805EE}.Release|Any CPU.ActiveCfg = Release|Any CPU
		{FE7E1DA4-012A-DFC5-0B0D-CD543CD805EE}.Release|Any CPU.Build.0 = Release|Any CPU
	EndGlobalSection
	GlobalSection(SolutionProperties) = preSolution
		HideSolutionNode = FALSE
	EndGlobalSection
EndGlobal
